{
  "name": "bem",
  "version": "0.10.2",
  "dependencies": {
    "apw": {
      "version": "0.3.14",
      "from": "apw@>=0.3.14 <0.4.0",
      "dependencies": {
        "coa": {
          "version": "0.4.1",
          "from": "coa@>=0.4.0 <0.5.0"
        }
      }
    },
    "benchmark": {
      "version": "1.0.0",
      "from": "benchmark@>=1.0.0 <1.1.0"
    },
    "borschik": {
      "version": "1.3.2",
      "from": "borschik@>=1.3.2 <1.4.0",
      "dependencies": {
        "minimatch": {
          "version": "0.2.14",
          "from": "minimatch@0.2.14",
          "dependencies": {
            "lru-cache": {
              "version": "2.7.0",
              "from": "lru-cache@>=2.0.0 <3.0.0"
            },
            "sigmund": {
              "version": "1.0.1",
              "from": "sigmund@>=1.0.0 <1.1.0"
            }
          }
        },
        "coa": {
          "version": "0.4.0",
          "from": "coa@0.4.0"
        },
        "inherit": {
          "version": "2.2.1",
          "from": "inherit@2.2.1"
        },
        "vow": {
          "version": "0.3.13",
          "from": "vow@0.3.13"
        },
        "vow-fs": {
          "version": "0.3.2",
          "from": "vow-fs@0.3.2",
          "dependencies": {
            "node-uuid": {
              "version": "1.4.0",
              "from": "node-uuid@1.4.0"
            },
            "vow": {
              "version": "0.4.4",
              "from": "vow@0.4.4"
            },
            "vow-queue": {
              "version": "0.3.1",
              "from": "vow-queue@0.3.1"
            },
            "glob": {
              "version": "3.2.8",
              "from": "glob@3.2.8",
              "dependencies": {
                "inherits": {
                  "version": "2.0.1",
                  "from": "inherits@>=2.0.0 <3.0.0"
                }
              }
            }
          }
        },
        "csso": {
          "version": "1.3.11",
          "from": "csso@1.3.11"
        },
        "uglify-js": {
          "version": "2.4.15",
          "from": "uglify-js@2.4.15",
          "dependencies": {
            "async": {
              "version": "0.2.10",
              "from": "async@>=0.2.6 <0.3.0"
            },
            "source-map": {
              "version": "0.1.34",
              "from": "source-map@0.1.34",
              "dependencies": {
                "amdefine": {
                  "version": "1.0.0",
                  "from": "amdefine@>=0.0.4"
                }
              }
            },
            "optimist": {
              "version": "0.3.7",
              "from": "optimist@>=0.3.5 <0.4.0",
              "dependencies": {
                "wordwrap": {
                  "version": "0.0.3",
                  "from": "wordwrap@>=0.0.2 <0.1.0"
                }
              }
            },
            "uglify-to-browserify": {
              "version": "1.0.2",
              "from": "uglify-to-browserify@>=1.0.0 <1.1.0"
            }
          }
        }
      }
    },
    "borschik-tech-cleancss": {
      "version": "2.0.1",
      "from": "borschik-tech-cleancss@>=2.0.1 <2.1.0",
      "dependencies": {
        "clean-css": {
          "version": "3.0.10",
          "from": "clean-css@3.0.10",
          "dependencies": {
            "commander": {
              "version": "2.5.1",
              "from": "commander@>=2.5.0 <2.6.0"
            },
            "source-map": {
              "version": "0.1.43",
              "from": "source-map@>=0.1.43 <0.2.0",
              "dependencies": {
                "amdefine": {
                  "version": "1.0.0",
                  "from": "amdefine@>=0.0.4"
                }
              }
            }
          }
        }
      }
    },
    "cli-table": {
      "version": "0.3.1",
      "from": "cli-table@>=0.3.0 <0.4.0",
      "dependencies": {
        "colors": {
          "version": "1.0.3",
          "from": "colors@1.0.3"
        }
      }
    },
    "coa": {
      "version": "1.0.1",
      "from": "coa@>=1.0.1 <1.1.0",
      "dependencies": {
        "q": {
          "version": "1.4.1",
          "from": "q@>=1.1.2 <2.0.0"
        }
      }
    },
    "colors": {
      "version": "0.6.2",
      "from": "colors@>=0.6.0 <0.7.0"
    },
    "dom-js": {
      "version": "0.0.9",
      "from": "dom-js@>=0.0.9 <0.1.0",
      "dependencies": {
        "sax": {
          "version": "1.1.4",
          "from": "sax@>=0.1.5"
        }
      }
    },
    "enb": {
      "version": "1.1.0",
      "from": "enb@>=1.1.0 <2.0.0",
      "dependencies": {
        "chalk": {
          "version": "1.1.1",
          "from": "chalk@1.1.1",
          "dependencies": {
            "ansi-styles": {
              "version": "2.1.0",
              "from": "ansi-styles@>=2.1.0 <3.0.0"
            },
            "escape-string-regexp": {
              "version": "1.0.3",
              "from": "escape-string-regexp@>=1.0.2 <2.0.0"
            },
            "has-ansi": {
              "version": "2.0.0",
              "from": "has-ansi@>=2.0.0 <3.0.0",
              "dependencies": {
                "ansi-regex": {
                  "version": "2.0.0",
                  "from": "ansi-regex@>=2.0.0 <3.0.0"
                }
              }
            },
            "strip-ansi": {
              "version": "3.0.0",
              "from": "strip-ansi@>=3.0.0 <4.0.0",
              "dependencies": {
                "ansi-regex": {
                  "version": "2.0.0",
                  "from": "ansi-regex@>=2.0.0 <3.0.0"
                }
              }
            },
            "supports-color": {
              "version": "2.0.0",
              "from": "supports-color@>=2.0.0 <3.0.0"
            }
          }
        },
        "clear-require": {
          "version": "1.0.1",
          "from": "clear-require@1.0.1",
          "dependencies": {
            "resolve-from": {
              "version": "1.0.1",
              "from": "resolve-from@>=1.0.0 <2.0.0"
            },
            "caller-path": {
              "version": "0.1.0",
              "from": "caller-path@>=0.1.0 <0.2.0",
              "dependencies": {
                "callsites": {
                  "version": "0.2.0",
                  "from": "callsites@>=0.2.0 <0.3.0"
                }
              }
            }
          }
        },
        "commander": {
          "version": "2.9.0",
          "from": "commander@2.9.0",
          "dependencies": {
            "graceful-readlink": {
              "version": "1.0.1",
              "from": "graceful-readlink@>=1.0.0"
            }
          }
        },
        "connect": {
          "version": "3.4.0",
          "from": "connect@3.4.0",
          "dependencies": {
            "debug": {
              "version": "2.2.0",
              "from": "debug@>=2.2.0 <2.3.0",
              "dependencies": {
                "ms": {
                  "version": "0.7.1",
                  "from": "ms@0.7.1"
                }
              }
            },
            "finalhandler": {
              "version": "0.4.0",
              "from": "finalhandler@0.4.0",
              "dependencies": {
                "unpipe": {
                  "version": "1.0.0",
                  "from": "unpipe@>=1.0.0 <1.1.0"
                },
                "on-finished": {
                  "version": "2.3.0",
                  "from": "on-finished@>=2.3.0 <2.4.0",
                  "dependencies": {
                    "ee-first": {
                      "version": "1.1.1",
                      "from": "ee-first@1.1.1"
                    }
                  }
                },
                "escape-html": {
                  "version": "1.0.2",
                  "from": "escape-html@1.0.2"
                }
              }
            },
            "parseurl": {
              "version": "1.3.0",
              "from": "parseurl@>=1.3.0 <1.4.0"
            },
            "utils-merge": {
              "version": "1.0.0",
              "from": "utils-merge@1.0.0"
            }
          }
        },
        "enb-async-require": {
          "version": "1.0.1",
          "from": "enb-async-require@1.0.1"
        },
        "enb-require-or-eval": {
          "version": "1.0.2",
          "from": "enb-require-or-eval@1.0.2"
        },
        "enb-source-map": {
          "version": "1.8.0",
          "from": "enb-source-map@1.8.0",
          "dependencies": {
            "source-map": {
              "version": "0.4.4",
              "from": "source-map@0.4.4",
              "dependencies": {
                "amdefine": {
                  "version": "1.0.0",
                  "from": "amdefine@>=0.0.4"
                }
              }
            },
            "btoa": {
              "version": "1.1.2",
              "from": "btoa@1.1.2"
            },
            "atob": {
              "version": "1.1.2",
              "from": "atob@1.1.2"
            }
          }
        },
        "glob": {
          "version": "5.0.15",
          "from": "glob@5.0.15",
          "dependencies": {
            "inflight": {
              "version": "1.0.4",
              "from": "inflight@>=1.0.4 <2.0.0",
              "dependencies": {
                "wrappy": {
                  "version": "1.0.1",
                  "from": "wrappy@>=1.0.0 <2.0.0"
                }
              }
            },
            "inherits": {
              "version": "2.0.1",
              "from": "inherits@>=2.0.0 <3.0.0"
            },
            "minimatch": {
              "version": "3.0.0",
              "from": "minimatch@>=2.0.0 <3.0.0||>=3.0.0 <4.0.0",
              "dependencies": {
                "brace-expansion": {
                  "version": "1.1.1",
                  "from": "brace-expansion@>=1.0.0 <2.0.0",
                  "dependencies": {
                    "balanced-match": {
                      "version": "0.2.1",
                      "from": "balanced-match@>=0.2.0 <0.3.0"
                    },
                    "concat-map": {
                      "version": "0.0.1",
                      "from": "concat-map@0.0.1"
                    }
                  }
                }
              }
            },
            "once": {
              "version": "1.3.2",
              "from": "once@>=1.3.0 <2.0.0",
              "dependencies": {
                "wrappy": {
                  "version": "1.0.1",
                  "from": "wrappy@>=1.0.0 <2.0.0"
                }
              }
            },
            "path-is-absolute": {
              "version": "1.0.0",
              "from": "path-is-absolute@>=1.0.0 <2.0.0"
            }
          }
        },
        "inherit": {
          "version": "2.2.2",
          "from": "inherit@2.2.2"
        },
        "lodash": {
          "version": "3.10.1",
          "from": "lodash@3.10.1"
        },
        "puml-link": {
          "version": "0.0.1",
          "from": "puml-link@0.0.1"
        },
        "serve-favicon": {
          "version": "2.3.0",
          "from": "serve-favicon@2.3.0",
          "dependencies": {
            "etag": {
              "version": "1.7.0",
              "from": "etag@>=1.7.0 <1.8.0"
            },
            "fresh": {
              "version": "0.3.0",
              "from": "fresh@0.3.0"
            },
            "ms": {
              "version": "0.7.1",
              "from": "ms@0.7.1"
            },
            "parseurl": {
              "version": "1.3.0",
              "from": "parseurl@>=1.3.0 <1.4.0"
            }
          }
        },
        "serve-static": {
          "version": "1.10.0",
          "from": "serve-static@1.10.0",
          "dependencies": {
            "escape-html": {
              "version": "1.0.2",
              "from": "escape-html@1.0.2"
            },
            "parseurl": {
              "version": "1.3.0",
              "from": "parseurl@>=1.3.0 <1.4.0"
            },
            "send": {
              "version": "0.13.0",
              "from": "send@0.13.0",
              "dependencies": {
                "depd": {
                  "version": "1.0.1",
                  "from": "depd@>=1.0.1 <1.1.0"
                },
                "range-parser": {
                  "version": "1.0.3",
                  "from": "range-parser@>=1.0.2 <1.1.0"
                },
                "http-errors": {
                  "version": "1.3.1",
                  "from": "http-errors@>=1.3.1 <1.4.0",
                  "dependencies": {
                    "inherits": {
                      "version": "2.0.1",
                      "from": "inherits@>=2.0.1 <2.1.0"
                    }
                  }
                },
                "etag": {
                  "version": "1.7.0",
                  "from": "etag@>=1.7.0 <1.8.0"
                },
                "mime": {
                  "version": "1.3.4",
                  "from": "mime@1.3.4"
                },
                "on-finished": {
                  "version": "2.3.0",
                  "from": "on-finished@>=2.3.0 <2.4.0",
                  "dependencies": {
                    "ee-first": {
                      "version": "1.1.1",
                      "from": "ee-first@1.1.1"
                    }
                  }
                },
                "ms": {
                  "version": "0.7.1",
                  "from": "ms@0.7.1"
                },
                "destroy": {
                  "version": "1.0.3",
                  "from": "destroy@1.0.3"
                },
                "debug": {
                  "version": "2.2.0",
                  "from": "debug@>=2.2.0 <2.3.0"
                },
                "fresh": {
                  "version": "0.3.0",
                  "from": "fresh@0.3.0"
                },
                "statuses": {
                  "version": "1.2.1",
                  "from": "statuses@>=1.2.1 <1.3.0"
                }
              }
            }
          }
        },
        "stack-trace": {
          "version": "0.0.9",
          "from": "stack-trace@0.0.9"
        },
        "vow": {
          "version": "0.4.11",
          "from": "vow@0.4.11"
        },
        "vow-fs": {
          "version": "0.3.4",
          "from": "vow-fs@0.3.4",
          "dependencies": {
            "node-uuid": {
              "version": "1.4.7",
              "from": "node-uuid@>=1.4.2 <2.0.0"
            },
            "vow-queue": {
              "version": "0.4.2",
              "from": "vow-queue@>=0.4.1 <0.5.0"
            },
            "glob": {
              "version": "4.5.3",
              "from": "glob@>=4.3.1 <5.0.0",
              "dependencies": {
                "inflight": {
                  "version": "1.0.4",
                  "from": "inflight@>=1.0.4 <2.0.0",
                  "dependencies": {
                    "wrappy": {
                      "version": "1.0.1",
                      "from": "wrappy@>=1.0.0 <2.0.0"
                    }
                  }
                },
                "inherits": {
                  "version": "2.0.1",
                  "from": "inherits@>=2.0.0 <3.0.0"
                },
                "minimatch": {
                  "version": "2.0.10",
                  "from": "minimatch@>=2.0.1 <3.0.0",
                  "dependencies": {
                    "brace-expansion": {
                      "version": "1.1.1",
                      "from": "brace-expansion@>=1.0.0 <2.0.0",
                      "dependencies": {
                        "balanced-match": {
                          "version": "0.2.1",
                          "from": "balanced-match@>=0.2.0 <0.3.0"
                        },
                        "concat-map": {
                          "version": "0.0.1",
                          "from": "concat-map@0.0.1"
                        }
                      }
                    }
                  }
                },
                "once": {
                  "version": "1.3.2",
                  "from": "once@>=1.3.0 <2.0.0",
                  "dependencies": {
                    "wrappy": {
                      "version": "1.0.1",
                      "from": "wrappy@>=1.0.0 <2.0.0"
                    }
                  }
                }
              }
            }
          }
        },
        "vow-node": {
          "version": "0.3.0",
          "from": "vow-node@0.3.0"
        },
        "worker-farm": {
          "version": "1.3.1",
          "from": "worker-farm@1.3.1",
          "dependencies": {
            "errno": {
              "version": "0.1.4",
              "from": "errno@>=0.1.1 <0.2.0-0",
              "dependencies": {
                "prr": {
                  "version": "0.0.0",
                  "from": "prr@>=0.0.0 <0.1.0"
                }
              }
            },
            "xtend": {
              "version": "4.0.1",
              "from": "xtend@>=4.0.0 <4.1.0-0"
            }
          }
        }
      }
    },
    "inherit": {
      "version": "1.0.4",
      "from": "inherit@>=1.0.0 <1.1.0"
    },
    "lodash": {
      "version": "2.2.1",
      "from": "lodash@>=2.2.1 <2.3.0"
    },
    "mime": {
      "version": "1.2.11",
      "from": "mime@>=1.2.5 <1.3.0"
    },
    "mkdirp": {
      "version": "0.5.1",
      "from": "mkdirp@>=0.5.1 <0.6.0",
      "dependencies": {
        "minimist": {
          "version": "0.0.8",
          "from": "minimist@0.0.8"
        }
      }
    },
    "node.extend": {
      "version": "1.0.10",
      "from": "node.extend@>=1.0.0 <1.1.0",
      "dependencies": {
        "is": {
          "version": "0.3.0",
          "from": "is@>=0.3.0 <0.4.0"
        }
      }
    },
    "q": {
      "version": "0.9.7",
      "from": "q@>=0.9.7 <0.10.0"
    },
    "q-io": {
      "version": "1.10.9",
      "from": "q-io@>=1.10.3 <1.11.0",
      "dependencies": {
        "qs": {
          "version": "0.1.0",
          "from": "qs@>=0.1.0 <0.2.0"
        },
        "url2": {
          "version": "0.0.0",
          "from": "url2@>=0.0.0 <0.1.0"
        },
        "mimeparse": {
          "version": "0.1.4",
          "from": "mimeparse@>=0.1.4 <0.2.0"
        },
        "collections": {
          "version": "0.2.2",
          "from": "collections@>=0.2.0 <0.3.0",
          "dependencies": {
            "weak-map": {
              "version": "1.0.0",
              "from": "weak-map@1.0.0"
            }
          }
        }
      }
    },
    "qq": {
      "version": "0.3.5",
      "from": "qq@>=0.3.4 <0.4.0",
      "dependencies": {
        "q": {
          "version": "0.8.4",
          "from": "q@0.8.4"
        }
      }
    },
    "reqf": {
      "version": "1.0.0",
      "from": "reqf@>=1.0.0 <1.1.0"
    },
    "winston": {
      "version": "2.1.0",
      "from": "winston@>=0.5.0",
      "dependencies": {
        "async": {
          "version": "1.0.0",
          "from": "async@>=1.0.0 <1.1.0"
        },
        "colors": {
          "version": "1.0.3",
          "from": "colors@>=1.0.0 <1.1.0"
        },
        "cycle": {
          "version": "1.0.3",
          "from": "cycle@>=1.0.0 <1.1.0"
        },
        "eyes": {
          "version": "0.1.8",
          "from": "eyes@>=0.1.0 <0.2.0"
        },
        "isstream": {
          "version": "0.1.2",
          "from": "isstream@>=0.1.0 <0.2.0"
        },
        "pkginfo": {
          "version": "0.3.1",
          "from": "pkginfo@>=0.3.0 <0.4.0"
        },
        "stack-trace": {
          "version": "0.0.9",
          "from": "stack-trace@>=0.0.0 <0.1.0"
        }
      }
    }
  }
}
